// !$*UTF8*$!
{
	archiveVersion = 1;
	classes = {
	};
	objectVersion = 50;
	objects = {

/* Begin PBXBuildFile section */
		4BA0C6332682E94A008ADEBA /* HelloView.swift in Sources */ = {isa = PBXBuildFile; fileRef = 4BA0C6322682E94A008ADEBA /* HelloView.swift */; };
		4BD0F00B267BC40E009DFC15 /* Assets.xcassets in Resources */ = {isa = PBXBuildFile; fileRef = 4BD0F00A267BC40E009DFC15 /* Assets.xcassets */; };
		4BD0F019267BC40E009DFC15 /* TestCherryPickAutomationTests.swift in Sources */ = {isa = PBXBuildFile; fileRef = 4BD0F018267BC40E009DFC15 /* TestCherryPickAutomationTests.swift */; };
		4BD0F024267BC40E009DFC15 /* TestCherryPickAutomationUITests.swift in Sources */ = {isa = PBXBuildFile; fileRef = 4BD0F023267BC40E009DFC15 /* TestCherryPickAutomationUITests.swift */; };
		4BD0F032267BC901009DFC15 /* TestCherryPickAutomationApp.swift in Sources */ = {isa = PBXBuildFile; fileRef = 4BD0F031267BC901009DFC15 /* TestCherryPickAutomationApp.swift */; };
		4BD0F035267BC957009DFC15 /* MainView.swift in Sources */ = {isa = PBXBuildFile; fileRef = 4BD0F034267BC957009DFC15 /* MainView.swift */; };
		4BD0F038267BCA41009DFC15 /* Preview Assets.xcassets in Resources */ = {isa = PBXBuildFile; fileRef = 4BD0F037267BCA41009DFC15 /* Preview Assets.xcassets */; };
/* End PBXBuildFile section */

/* Begin PBXContainerItemProxy section */
		4BD0F015267BC40E009DFC15 /* PBXContainerItemProxy */ = {
			isa = PBXContainerItemProxy;
			containerPortal = 4BD0EFF6267BC40D009DFC15 /* Project object */;
			proxyType = 1;
			remoteGlobalIDString = 4BD0EFFD267BC40D009DFC15;
			remoteInfo = TestCherryPickAutomation;
		};
		4BD0F020267BC40E009DFC15 /* PBXContainerItemProxy */ = {
			isa = PBXContainerItemProxy;
			containerPortal = 4BD0EFF6267BC40D009DFC15 /* Project object */;
			proxyType = 1;
			remoteGlobalIDString = 4BD0EFFD267BC40D009DFC15;
			remoteInfo = TestCherryPickAutomation;
		};
/* End PBXContainerItemProxy section */

/* Begin PBXFileReference section */
		4BA0C6322682E94A008ADEBA /* HelloView.swift */ = {isa = PBXFileReference; lastKnownFileType = sourcecode.swift; path = HelloView.swift; sourceTree = "<group>"; };
		4BD0EFFE267BC40D009DFC15 /* TestCherryPickAutomation.app */ = {isa = PBXFileReference; explicitFileType = wrapper.application; includeInIndex = 0; path = TestCherryPickAutomation.app; sourceTree = BUILT_PRODUCTS_DIR; };
		4BD0F00A267BC40E009DFC15 /* Assets.xcassets */ = {isa = PBXFileReference; lastKnownFileType = folder.assetcatalog; path = Assets.xcassets; sourceTree = "<group>"; };
		4BD0F00F267BC40E009DFC15 /* Info.plist */ = {isa = PBXFileReference; lastKnownFileType = text.plist.xml; path = Info.plist; sourceTree = "<group>"; };
		4BD0F014267BC40E009DFC15 /* TestCherryPickAutomationTests.xctest */ = {isa = PBXFileReference; explicitFileType = wrapper.cfbundle; includeInIndex = 0; path = TestCherryPickAutomationTests.xctest; sourceTree = BUILT_PRODUCTS_DIR; };
		4BD0F018267BC40E009DFC15 /* TestCherryPickAutomationTests.swift */ = {isa = PBXFileReference; lastKnownFileType = sourcecode.swift; path = TestCherryPickAutomationTests.swift; sourceTree = "<group>"; };
		4BD0F01A267BC40E009DFC15 /* Info.plist */ = {isa = PBXFileReference; lastKnownFileType = text.plist.xml; path = Info.plist; sourceTree = "<group>"; };
		4BD0F01F267BC40E009DFC15 /* TestCherryPickAutomationUITests.xctest */ = {isa = PBXFileReference; explicitFileType = wrapper.cfbundle; includeInIndex = 0; path = TestCherryPickAutomationUITests.xctest; sourceTree = BUILT_PRODUCTS_DIR; };
		4BD0F023267BC40E009DFC15 /* TestCherryPickAutomationUITests.swift */ = {isa = PBXFileReference; lastKnownFileType = sourcecode.swift; path = TestCherryPickAutomationUITests.swift; sourceTree = "<group>"; };
		4BD0F025267BC40E009DFC15 /* Info.plist */ = {isa = PBXFileReference; lastKnownFileType = text.plist.xml; path = Info.plist; sourceTree = "<group>"; };
		4BD0F031267BC901009DFC15 /* TestCherryPickAutomationApp.swift */ = {isa = PBXFileReference; lastKnownFileType = sourcecode.swift; path = TestCherryPickAutomationApp.swift; sourceTree = "<group>"; };
		4BD0F034267BC957009DFC15 /* MainView.swift */ = {isa = PBXFileReference; lastKnownFileType = sourcecode.swift; path = MainView.swift; sourceTree = "<group>"; };
		4BD0F037267BCA41009DFC15 /* Preview Assets.xcassets */ = {isa = PBXFileReference; lastKnownFileType = folder.assetcatalog; path = "Preview Assets.xcassets"; sourceTree = "<group>"; };
/* End PBXFileReference section */

/* Begin PBXFrameworksBuildPhase section */
		4BD0EFFB267BC40D009DFC15 /* Frameworks */ = {
			isa = PBXFrameworksBuildPhase;
			buildActionMask = 2147483647;
			files = (
			);
			runOnlyForDeploymentPostprocessing = 0;
		};
		4BD0F011267BC40E009DFC15 /* Frameworks */ = {
			isa = PBXFrameworksBuildPhase;
			buildActionMask = 2147483647;
			files = (
			);
			runOnlyForDeploymentPostprocessing = 0;
		};
		4BD0F01C267BC40E009DFC15 /* Frameworks */ = {
			isa = PBXFrameworksBuildPhase;
			buildActionMask = 2147483647;
			files = (
			);
			runOnlyForDeploymentPostprocessing = 0;
		};
/* End PBXFrameworksBuildPhase section */

/* Begin PBXGroup section */
		4BD0EFF5267BC40D009DFC15 = {
			isa = PBXGroup;
			children = (
				4BD0F000267BC40D009DFC15 /* TestCherryPickAutomation */,
				4BD0F017267BC40E009DFC15 /* TestCherryPickAutomationTests */,
				4BD0F022267BC40E009DFC15 /* TestCherryPickAutomationUITests */,
				4BD0EFFF267BC40D009DFC15 /* Products */,
			);
			sourceTree = "<group>";
		};
		4BD0EFFF267BC40D009DFC15 /* Products */ = {
			isa = PBXGroup;
			children = (
				4BD0EFFE267BC40D009DFC15 /* TestCherryPickAutomation.app */,
				4BD0F014267BC40E009DFC15 /* TestCherryPickAutomationTests.xctest */,
				4BD0F01F267BC40E009DFC15 /* TestCherryPickAutomationUITests.xctest */,
			);
			name = Products;
			sourceTree = "<group>";
		};
		4BD0F000267BC40D009DFC15 /* TestCherryPickAutomation */ = {
			isa = PBXGroup;
			children = (
				4BD0F036267BCA34009DFC15 /* Preview Content */,
				4BD0F00A267BC40E009DFC15 /* Assets.xcassets */,
				4BD0F00F267BC40E009DFC15 /* Info.plist */,
				4BD0F031267BC901009DFC15 /* TestCherryPickAutomationApp.swift */,
				4BD0F034267BC957009DFC15 /* MainView.swift */,
				4BA0C6322682E94A008ADEBA /* HelloView.swift */,
			);
			path = TestCherryPickAutomation;
			sourceTree = "<group>";
		};
		4BD0F017267BC40E009DFC15 /* TestCherryPickAutomationTests */ = {
			isa = PBXGroup;
			children = (
				4BD0F018267BC40E009DFC15 /* TestCherryPickAutomationTests.swift */,
				4BD0F01A267BC40E009DFC15 /* Info.plist */,
			);
			path = TestCherryPickAutomationTests;
			sourceTree = "<group>";
		};
		4BD0F022267BC40E009DFC15 /* TestCherryPickAutomationUITests */ = {
			isa = PBXGroup;
			children = (
				4BD0F023267BC40E009DFC15 /* TestCherryPickAutomationUITests.swift */,
				4BD0F025267BC40E009DFC15 /* Info.plist */,
			);
			path = TestCherryPickAutomationUITests;
			sourceTree = "<group>";
		};
		4BD0F036267BCA34009DFC15 /* Preview Content */ = {
			isa = PBXGroup;
			children = (
				4BD0F037267BCA41009DFC15 /* Preview Assets.xcassets */,
			);
			path = "Preview Content";
			sourceTree = "<group>";
		};
/* End PBXGroup section */

/* Begin PBXNativeTarget section */
		4BD0EFFD267BC40D009DFC15 /* TestCherryPickAutomation */ = {
			isa = PBXNativeTarget;
			buildConfigurationList = 4BD0F028267BC40E009DFC15 /* Build configuration list for PBXNativeTarget "TestCherryPickAutomation" */;
			buildPhases = (
				4BD0EFFA267BC40D009DFC15 /* Sources */,
				4BD0EFFB267BC40D009DFC15 /* Frameworks */,
				4BD0EFFC267BC40D009DFC15 /* Resources */,
			);
			buildRules = (
			);
			dependencies = (
			);
			name = TestCherryPickAutomation;
			productName = TestCherryPickAutomation;
			productReference = 4BD0EFFE267BC40D009DFC15 /* TestCherryPickAutomation.app */;
			productType = "com.apple.product-type.application";
		};
		4BD0F013267BC40E009DFC15 /* TestCherryPickAutomationTests */ = {
			isa = PBXNativeTarget;
			buildConfigurationList = 4BD0F02B267BC40E009DFC15 /* Build configuration list for PBXNativeTarget "TestCherryPickAutomationTests" */;
			buildPhases = (
				4BD0F010267BC40E009DFC15 /* Sources */,
				4BD0F011267BC40E009DFC15 /* Frameworks */,
				4BD0F012267BC40E009DFC15 /* Resources */,
			);
			buildRules = (
			);
			dependencies = (
				4BD0F016267BC40E009DFC15 /* PBXTargetDependency */,
			);
			name = TestCherryPickAutomationTests;
			productName = TestCherryPickAutomationTests;
			productReference = 4BD0F014267BC40E009DFC15 /* TestCherryPickAutomationTests.xctest */;
			productType = "com.apple.product-type.bundle.unit-test";
		};
		4BD0F01E267BC40E009DFC15 /* TestCherryPickAutomationUITests */ = {
			isa = PBXNativeTarget;
			buildConfigurationList = 4BD0F02E267BC40E009DFC15 /* Build configuration list for PBXNativeTarget "TestCherryPickAutomationUITests" */;
			buildPhases = (
				4BD0F01B267BC40E009DFC15 /* Sources */,
				4BD0F01C267BC40E009DFC15 /* Frameworks */,
				4BD0F01D267BC40E009DFC15 /* Resources */,
			);
			buildRules = (
			);
			dependencies = (
				4BD0F021267BC40E009DFC15 /* PBXTargetDependency */,
			);
			name = TestCherryPickAutomationUITests;
			productName = TestCherryPickAutomationUITests;
			productReference = 4BD0F01F267BC40E009DFC15 /* TestCherryPickAutomationUITests.xctest */;
			productType = "com.apple.product-type.bundle.ui-testing";
		};
/* End PBXNativeTarget section */

/* Begin PBXProject section */
		4BD0EFF6267BC40D009DFC15 /* Project object */ = {
			isa = PBXProject;
			attributes = {
				LastSwiftUpdateCheck = 1250;
				LastUpgradeCheck = 1250;
				TargetAttributes = {
					4BD0EFFD267BC40D009DFC15 = {
						CreatedOnToolsVersion = 12.5;
					};
					4BD0F013267BC40E009DFC15 = {
						CreatedOnToolsVersion = 12.5;
						TestTargetID = 4BD0EFFD267BC40D009DFC15;
					};
					4BD0F01E267BC40E009DFC15 = {
						CreatedOnToolsVersion = 12.5;
						TestTargetID = 4BD0EFFD267BC40D009DFC15;
					};
				};
			};
			buildConfigurationList = 4BD0EFF9267BC40D009DFC15 /* Build configuration list for PBXProject "TestCherryPickAutomation" */;
			compatibilityVersion = "Xcode 9.3";
			developmentRegion = en;
			hasScannedForEncodings = 0;
			knownRegions = (
				en,
				Base,
			);
			mainGroup = 4BD0EFF5267BC40D009DFC15;
			productRefGroup = 4BD0EFFF267BC40D009DFC15 /* Products */;
			projectDirPath = "";
			projectRoot = "";
			targets = (
				4BD0EFFD267BC40D009DFC15 /* TestCherryPickAutomation */,
				4BD0F013267BC40E009DFC15 /* TestCherryPickAutomationTests */,
				4BD0F01E267BC40E009DFC15 /* TestCherryPickAutomationUITests */,
			);
		};
/* End PBXProject section */

/* Begin PBXResourcesBuildPhase section */
		4BD0EFFC267BC40D009DFC15 /* Resources */ = {
			isa = PBXResourcesBuildPhase;
			buildActionMask = 2147483647;
			files = (
				4BD0F038267BCA41009DFC15 /* Preview Assets.xcassets in Resources */,
				4BD0F00B267BC40E009DFC15 /* Assets.xcassets in Resources */,
			);
			runOnlyForDeploymentPostprocessing = 0;
		};
		4BD0F012267BC40E009DFC15 /* Resources */ = {
			isa = PBXResourcesBuildPhase;
			buildActionMask = 2147483647;
			files = (
			);
			runOnlyForDeploymentPostprocessing = 0;
		};
		4BD0F01D267BC40E009DFC15 /* Resources */ = {
			isa = PBXResourcesBuildPhase;
			buildActionMask = 2147483647;
			files = (
			);
			runOnlyForDeploymentPostprocessing = 0;
		};
/* End PBXResourcesBuildPhase section */

/* Begin PBXSourcesBuildPhase section */
		4BD0EFFA267BC40D009DFC15 /* Sources */ = {
			isa = PBXSourcesBuildPhase;
			buildActionMask = 2147483647;
			files = (
				4BA0C6332682E94A008ADEBA /* HelloView.swift in Sources */,
				4BD0F032267BC901009DFC15 /* TestCherryPickAutomationApp.swift in Sources */,
				4BD0F035267BC957009DFC15 /* MainView.swift in Sources */,
			);
			runOnlyForDeploymentPostprocessing = 0;
		};
		4BD0F010267BC40E009DFC15 /* Sources */ = {
			isa = PBXSourcesBuildPhase;
			buildActionMask = 2147483647;
			files = (
				4BD0F019267BC40E009DFC15 /* TestCherryPickAutomationTests.swift in Sources */,
			);
			runOnlyForDeploymentPostprocessing = 0;
		};
		4BD0F01B267BC40E009DFC15 /* Sources */ = {
			isa = PBXSourcesBuildPhase;
			buildActionMask = 2147483647;
			files = (
				4BD0F024267BC40E009DFC15 /* TestCherryPickAutomationUITests.swift in Sources */,
			);
			runOnlyForDeploymentPostprocessing = 0;
		};
/* End PBXSourcesBuildPhase section */

/* Begin PBXTargetDependency section */
		4BD0F016267BC40E009DFC15 /* PBXTargetDependency */ = {
			isa = PBXTargetDependency;
			target = 4BD0EFFD267BC40D009DFC15 /* TestCherryPickAutomation */;
			targetProxy = 4BD0F015267BC40E009DFC15 /* PBXContainerItemProxy */;
		};
		4BD0F021267BC40E009DFC15 /* PBXTargetDependency */ = {
			isa = PBXTargetDependency;
			target = 4BD0EFFD267BC40D009DFC15 /* TestCherryPickAutomation */;
			targetProxy = 4BD0F020267BC40E009DFC15 /* PBXContainerItemProxy */;
		};
/* End PBXTargetDependency section */

/* Begin XCBuildConfiguration section */
		4BD0F026267BC40E009DFC15 /* Debug */ = {
			isa = XCBuildConfiguration;
			buildSettings = {
				ALWAYS_SEARCH_USER_PATHS = NO;
				CLANG_ANALYZER_NONNULL = YES;
				CLANG_ANALYZER_NUMBER_OBJECT_CONVERSION = YES_AGGRESSIVE;
				CLANG_CXX_LANGUAGE_STANDARD = "gnu++14";
				CLANG_CXX_LIBRARY = "libc++";
				CLANG_ENABLE_MODULES = YES;
				CLANG_ENABLE_OBJC_ARC = YES;
				CLANG_ENABLE_OBJC_WEAK = YES;
				CLANG_WARN_BLOCK_CAPTURE_AUTORELEASING = YES;
				CLANG_WARN_BOOL_CONVERSION = YES;
				CLANG_WARN_COMMA = YES;
				CLANG_WARN_CONSTANT_CONVERSION = YES;
				CLANG_WARN_DEPRECATED_OBJC_IMPLEMENTATIONS = YES;
				CLANG_WARN_DIRECT_OBJC_ISA_USAGE = YES_ERROR;
				CLANG_WARN_DOCUMENTATION_COMMENTS = YES;
				CLANG_WARN_EMPTY_BODY = YES;
				CLANG_WARN_ENUM_CONVERSION = YES;
				CLANG_WARN_INFINITE_RECURSION = YES;
				CLANG_WARN_INT_CONVERSION = YES;
				CLANG_WARN_NON_LITERAL_NULL_CONVERSION = YES;
				CLANG_WARN_OBJC_IMPLICIT_RETAIN_SELF = YES;
				CLANG_WARN_OBJC_LITERAL_CONVERSION = YES;
				CLANG_WARN_OBJC_ROOT_CLASS = YES_ERROR;
				CLANG_WARN_QUOTED_INCLUDE_IN_FRAMEWORK_HEADER = YES;
				CLANG_WARN_RANGE_LOOP_ANALYSIS = YES;
				CLANG_WARN_STRICT_PROTOTYPES = YES;
				CLANG_WARN_SUSPICIOUS_MOVE = YES;
				CLANG_WARN_UNGUARDED_AVAILABILITY = YES_AGGRESSIVE;
				CLANG_WARN_UNREACHABLE_CODE = YES;
				CLANG_WARN__DUPLICATE_METHOD_MATCH = YES;
				COPY_PHASE_STRIP = NO;
				DEBUG_INFORMATION_FORMAT = dwarf;
				ENABLE_STRICT_OBJC_MSGSEND = YES;
				ENABLE_TESTABILITY = YES;
				GCC_C_LANGUAGE_STANDARD = gnu11;
				GCC_DYNAMIC_NO_PIC = NO;
				GCC_NO_COMMON_BLOCKS = YES;
				GCC_OPTIMIZATION_LEVEL = 0;
				GCC_PREPROCESSOR_DEFINITIONS = (
					"DEBUG=1",
					"$(inherited)",
				);
				GCC_WARN_64_TO_32_BIT_CONVERSION = YES;
				GCC_WARN_ABOUT_RETURN_TYPE = YES_ERROR;
				GCC_WARN_UNDECLARED_SELECTOR = YES;
				GCC_WARN_UNINITIALIZED_AUTOS = YES_AGGRESSIVE;
				GCC_WARN_UNUSED_FUNCTION = YES;
				GCC_WARN_UNUSED_VARIABLE = YES;
				IPHONEOS_DEPLOYMENT_TARGET = 14.5;
				MTL_ENABLE_DEBUG_INFO = INCLUDE_SOURCE;
				MTL_FAST_MATH = YES;
				ONLY_ACTIVE_ARCH = YES;
				SDKROOT = iphoneos;
				SWIFT_ACTIVE_COMPILATION_CONDITIONS = DEBUG;
				SWIFT_OPTIMIZATION_LEVEL = "-Onone";
			};
			name = Debug;
		};
		4BD0F027267BC40E009DFC15 /* Release */ = {
			isa = XCBuildConfiguration;
			buildSettings = {
				ALWAYS_SEARCH_USER_PATHS = NO;
				CLANG_ANALYZER_NONNULL = YES;
				CLANG_ANALYZER_NUMBER_OBJECT_CONVERSION = YES_AGGRESSIVE;
				CLANG_CXX_LANGUAGE_STANDARD = "gnu++14";
				CLANG_CXX_LIBRARY = "libc++";
				CLANG_ENABLE_MODULES = YES;
				CLANG_ENABLE_OBJC_ARC = YES;
				CLANG_ENABLE_OBJC_WEAK = YES;
				CLANG_WARN_BLOCK_CAPTURE_AUTORELEASING = YES;
				CLANG_WARN_BOOL_CONVERSION = YES;
				CLANG_WARN_COMMA = YES;
				CLANG_WARN_CONSTANT_CONVERSION = YES;
				CLANG_WARN_DEPRECATED_OBJC_IMPLEMENTATIONS = YES;
				CLANG_WARN_DIRECT_OBJC_ISA_USAGE = YES_ERROR;
				CLANG_WARN_DOCUMENTATION_COMMENTS = YES;
				CLANG_WARN_EMPTY_BODY = YES;
				CLANG_WARN_ENUM_CONVERSION = YES;
				CLANG_WARN_INFINITE_RECURSION = YES;
				CLANG_WARN_INT_CONVERSION = YES;
				CLANG_WARN_NON_LITERAL_NULL_CONVERSION = YES;
				CLANG_WARN_OBJC_IMPLICIT_RETAIN_SELF = YES;
				CLANG_WARN_OBJC_LITERAL_CONVERSION = YES;
				CLANG_WARN_OBJC_ROOT_CLASS = YES_ERROR;
				CLANG_WARN_QUOTED_INCLUDE_IN_FRAMEWORK_HEADER = YES;
				CLANG_WARN_RANGE_LOOP_ANALYSIS = YES;
				CLANG_WARN_STRICT_PROTOTYPES = YES;
				CLANG_WARN_SUSPICIOUS_MOVE = YES;
				CLANG_WARN_UNGUARDED_AVAILABILITY = YES_AGGRESSIVE;
				CLANG_WARN_UNREACHABLE_CODE = YES;
				CLANG_WARN__DUPLICATE_METHOD_MATCH = YES;
				COPY_PHASE_STRIP = NO;
				DEBUG_INFORMATION_FORMAT = "dwarf-with-dsym";
				ENABLE_NS_ASSERTIONS = NO;
				ENABLE_STRICT_OBJC_MSGSEND = YES;
				GCC_C_LANGUAGE_STANDARD = gnu11;
				GCC_NO_COMMON_BLOCKS = YES;
				GCC_WARN_64_TO_32_BIT_CONVERSION = YES;
				GCC_WARN_ABOUT_RETURN_TYPE = YES_ERROR;
				GCC_WARN_UNDECLARED_SELECTOR = YES;
				GCC_WARN_UNINITIALIZED_AUTOS = YES_AGGRESSIVE;
				GCC_WARN_UNUSED_FUNCTION = YES;
				GCC_WARN_UNUSED_VARIABLE = YES;
				IPHONEOS_DEPLOYMENT_TARGET = 14.5;
				MTL_ENABLE_DEBUG_INFO = NO;
				MTL_FAST_MATH = YES;
				SDKROOT = iphoneos;
				SWIFT_COMPILATION_MODE = wholemodule;
				SWIFT_OPTIMIZATION_LEVEL = "-O";
				VALIDATE_PRODUCT = YES;
			};
			name = Release;
		};
		4BD0F029267BC40E009DFC15 /* Debug */ = {
			isa = XCBuildConfiguration;
			buildSettings = {
				ASSETCATALOG_COMPILER_APPICON_NAME = AppIcon;
				ASSETCATALOG_COMPILER_GLOBAL_ACCENT_COLOR_NAME = AccentColor;
				CODE_SIGN_STYLE = Automatic;
				DEVELOPMENT_TEAM = ETY6J7XEJ7;
				INFOPLIST_FILE = TestCherryPickAutomation/Info.plist;
				LD_RUNPATH_SEARCH_PATHS = (
					"$(inherited)",
					"@executable_path/Frameworks",
				);
				PRODUCT_BUNDLE_IDENTIFIER = com.BigHeartApps.TestCherryPickAutomation;
				PRODUCT_NAME = "$(TARGET_NAME)";
				SWIFT_VERSION = 5.0;
				TARGETED_DEVICE_FAMILY = "1,2";
			};
			name = Debug;
		};
		4BD0F02A267BC40E009DFC15 /* Release */ = {
			isa = XCBuildConfiguration;
			buildSettings = {
				ASSETCATALOG_COMPILER_APPICON_NAME = AppIcon;
				ASSETCATALOG_COMPILER_GLOBAL_ACCENT_COLOR_NAME = AccentColor;
				CODE_SIGN_STYLE = Automatic;
				DEVELOPMENT_TEAM = ETY6J7XEJ7;
				INFOPLIST_FILE = TestCherryPickAutomation/Info.plist;
				LD_RUNPATH_SEARCH_PATHS = (
					"$(inherited)",
					"@executable_path/Frameworks",
				);
				PRODUCT_BUNDLE_IDENTIFIER = com.BigHeartApps.TestCherryPickAutomation;
				PRODUCT_NAME = "$(TARGET_NAME)";
				SWIFT_VERSION = 5.0;
				TARGETED_DEVICE_FAMILY = "1,2";
			};
			name = Release;
		};
		4BD0F02C267BC40E009DFC15 /* Debug */ = {
			isa = XCBuildConfiguration;
			buildSettings = {
				ALWAYS_EMBED_SWIFT_STANDARD_LIBRARIES = YES;
				BUNDLE_LOADER = "$(TEST_HOST)";
				CODE_SIGN_STYLE = Automatic;
				DEVELOPMENT_TEAM = ETY6J7XEJ7;
				INFOPLIST_FILE = TestCherryPickAutomationTests/Info.plist;
				IPHONEOS_DEPLOYMENT_TARGET = 14.5;
				LD_RUNPATH_SEARCH_PATHS = (
					"$(inherited)",
					"@executable_path/Frameworks",
					"@loader_path/Frameworks",
				);
				PRODUCT_BUNDLE_IDENTIFIER = com.BigHeartApps.TestCherryPickAutomationTests;
				PRODUCT_NAME = "$(TARGET_NAME)";
				SWIFT_VERSION = 5.0;
				TARGETED_DEVICE_FAMILY = "1,2";
				TEST_HOST = "$(BUILT_PRODUCTS_DIR)/TestCherryPickAutomation.app/TestCherryPickAutomation";
			};
			name = Debug;
		};
		4BD0F02D267BC40E009DFC15 /* Release */ = {
			isa = XCBuildConfiguration;
			buildSettings = {
				ALWAYS_EMBED_SWIFT_STANDARD_LIBRARIES = YES;
				BUNDLE_LOADER = "$(TEST_HOST)";
				CODE_SIGN_STYLE = Automatic;
				DEVELOPMENT_TEAM = ETY6J7XEJ7;
				INFOPLIST_FILE = TestCherryPickAutomationTests/Info.plist;
				IPHONEOS_DEPLOYMENT_TARGET = 14.5;
				LD_RUNPATH_SEARCH_PATHS = (
					"$(inherited)",
					"@executable_path/Frameworks",
					"@loader_path/Frameworks",
				);
				PRODUCT_BUNDLE_IDENTIFIER = com.BigHeartApps.TestCherryPickAutomationTests;
				PRODUCT_NAME = "$(TARGET_NAME)";
				SWIFT_VERSION = 5.0;
				TARGETED_DEVICE_FAMILY = "1,2";
				TEST_HOST = "$(BUILT_PRODUCTS_DIR)/TestCherryPickAutomation.app/TestCherryPickAutomation";
			};
			name = Release;
		};
		4BD0F02F267BC40E009DFC15 /* Debug */ = {
			isa = XCBuildConfiguration;
			buildSettings = {
				ALWAYS_EMBED_SWIFT_STANDARD_LIBRARIES = YES;
				CODE_SIGN_STYLE = Automatic;
				DEVELOPMENT_TEAM = ETY6J7XEJ7;
				INFOPLIST_FILE = TestCherryPickAutomationUITests/Info.plist;
				LD_RUNPATH_SEARCH_PATHS = (
					"$(inherited)",
					"@executable_path/Frameworks",
					"@loader_path/Frameworks",
				);
				PRODUCT_BUNDLE_IDENTIFIER = com.BigHeartApps.TestCherryPickAutomationUITests;
				PRODUCT_NAME = "$(TARGET_NAME)";
				SWIFT_VERSION = 5.0;
				TARGETED_DEVICE_FAMILY = "1,2";
				TEST_TARGET_NAME = TestCherryPickAutomation;
			};
			name = Debug;
		};
		4BD0F030267BC40E009DFC15 /* Release */ = {
			isa = XCBuildConfiguration;
			buildSettings = {
				ALWAYS_EMBED_SWIFT_STANDARD_LIBRARIES = YES;
				CODE_SIGN_STYLE = Automatic;
				DEVELOPMENT_TEAM = ETY6J7XEJ7;
				INFOPLIST_FILE = TestCherryPickAutomationUITests/Info.plist;
				LD_RUNPATH_SEARCH_PATHS = (
					"$(inherited)",
					"@executable_path/Frameworks",
					"@loader_path/Frameworks",
				);
				PRODUCT_BUNDLE_IDENTIFIER = com.BigHeartApps.TestCherryPickAutomationUITests;
				PRODUCT_NAME = "$(TARGET_NAME)";
				SWIFT_VERSION = 5.0;
				TARGETED_DEVICE_FAMILY = "1,2";
				TEST_TARGET_NAME = TestCherryPickAutomation;
			};
			name = Release;
		};
/* End XCBuildConfiguration section */

/* Begin XCConfigurationList section */
		4BD0EFF9267BC40D009DFC15 /* Build configuration list for PBXProject "TestCherryPickAutomation" */ = {
			isa = XCConfigurationList;
			buildConfigurations = (
				4BD0F026267BC40E009DFC15 /* Debug */,
				4BD0F027267BC40E009DFC15 /* Release */,
			);
			defaultConfigurationIsVisible = 0;
			defaultConfigurationName = Release;
		};
		4BD0F028267BC40E009DFC15 /* Build configuration list for PBXNativeTarget "TestCherryPickAutomation" */ = {
			isa = XCConfigurationList;
			buildConfigurations = (
				4BD0F029267BC40E009DFC15 /* Debug */,
				4BD0F02A267BC40E009DFC15 /* Release */,
			);
			defaultConfigurationIsVisible = 0;
			defaultConfigurationName = Release;
		};
		4BD0F02B267BC40E009DFC15 /* Build configuration list for PBXNativeTarget "TestCherryPickAutomationTests" */ = {
			isa = XCConfigurationList;
			buildConfigurations = (
				4BD0F02C267BC40E009DFC15 /* Debug */,
				4BD0F02D267BC40E009DFC15 /* Release */,
			);
			defaultConfigurationIsVisible = 0;
			defaultConfigurationName = Release;
		};
		4BD0F02E267BC40E009DFC15 /* Build configuration list for PBXNativeTarget "TestCherryPickAutomationUITests" */ = {
			isa = XCConfigurationList;
			buildConfigurations = (
				4BD0F02F267BC40E009DFC15 /* Debug */,
				4BD0F030267BC40E009DFC15 /* Release */,
			);
			defaultConfigurationIsVisible = 0;
			defaultConfigurationName = Release;
		};
/* End XCConfigurationList section */
	};
	rootObject = 4BD0EFF6267BC40D009DFC15 /* Project object */;
}
